
Microsoft Visual Studio Solution File, Format Version 12.00
# Visual Studio Version 17
VisualStudioVersion = 17.11.35222.181
MinimumVisualStudioVersion = 10.0.40219.1
Project("{FAE04EC0-301F-11D3-BF4B-00C04F79EFBC}") = "Object-Oriented Map System", "Object-Oriented Map System\Object-Oriented Map System.csproj", "{9243CC56-3C3E-43FA-A8CE-F3CCE58F2CB8}"
EndProject
Global
	GlobalSection(SolutionConfigurationPlatforms) = preSolution
		Debug|Any CPU = Debug|Any CPU
		Release|Any CPU = Release|Any CPU
	EndGlobalSection
	GlobalSection(ProjectConfigurationPlatforms) = postSolution
		{9243CC56-3C3E-43FA-A8CE-F3CCE58F2CB8}.Debug|Any CPU.ActiveCfg = Debug|Any CPU
		{9243CC56-3C3E-43FA-A8CE-F3CCE58F2CB8}.Debug|Any CPU.Build.0 = Debug|Any CPU
		{9243CC56-3C3E-43FA-A8CE-F3CCE58F2CB8}.Release|Any CPU.ActiveCfg = Release|Any CPU
		{9243CC56-3C3E-43FA-A8CE-F3CCE58F2CB8}.Release|Any CPU.Build.0 = Release|Any CPU
	EndGlobalSection
	GlobalSection(SolutionProperties) = preSolution
		HideSolutionNode = FALSE
	EndGlobalSection
	GlobalSection(ExtensibilityGlobals) = postSolution
		SolutionGuid = {F24EDB49-B4D4-4053-8DB8-31ECA9908CD6}
	EndGlobalSection
EndGlobal
